// !$*UTF8*$!
{
	archiveVersion = 1;
	classes = {
	};
	objectVersion = 50;
	objects = {

/* Begin PBXBuildFile section */
		1130FE5826B484F20072C03D /* AppDelegate.swift in Sources */ = {isa = PBXBuildFile; fileRef = 1130FE5726B484F20072C03D /* AppDelegate.swift */; };
		1130FE5A26B484F20072C03D /* SceneDelegate.swift in Sources */ = {isa = PBXBuildFile; fileRef = 1130FE5926B484F20072C03D /* SceneDelegate.swift */; };
		1130FE5F26B484F20072C03D /* Main.storyboard in Resources */ = {isa = PBXBuildFile; fileRef = 1130FE5D26B484F20072C03D /* Main.storyboard */; };
		1130FE6126B484F30072C03D /* Assets.xcassets in Resources */ = {isa = PBXBuildFile; fileRef = 1130FE6026B484F30072C03D /* Assets.xcassets */; };
		1130FE6426B484F30072C03D /* LaunchScreen.storyboard in Resources */ = {isa = PBXBuildFile; fileRef = 1130FE6226B484F30072C03D /* LaunchScreen.storyboard */; };
		1130FE7B26B487710072C03D /* ToDoList.swift in Sources */ = {isa = PBXBuildFile; fileRef = 1130FE7A26B487710072C03D /* ToDoList.swift */; };
		1130FE7D26B487820072C03D /* Task.swift in Sources */ = {isa = PBXBuildFile; fileRef = 1130FE7C26B487820072C03D /* Task.swift */; };
		1130FE7F26B487D20072C03D /* TaskListTableViewController.swift in Sources */ = {isa = PBXBuildFile; fileRef = 1130FE7E26B487D20072C03D /* TaskListTableViewController.swift */; };
		1130FE8126B487F00072C03D /* TaskTableViewController.swift in Sources */ = {isa = PBXBuildFile; fileRef = 1130FE8026B487F00072C03D /* TaskTableViewController.swift */; };
		1130FE8326B488480072C03D /* UserManager.swift in Sources */ = {isa = PBXBuildFile; fileRef = 1130FE8226B488480072C03D /* UserManager.swift */; };
		1130FE8926B6AB7E0072C03D /* FavoritesTableViewController.swift in Sources */ = {isa = PBXBuildFile; fileRef = 1130FE8826B6AB7E0072C03D /* FavoritesTableViewController.swift */; };
		1130FE8B26B6ABA90072C03D /* TaskViewController.swift in Sources */ = {isa = PBXBuildFile; fileRef = 1130FE8A26B6ABA90072C03D /* TaskViewController.swift */; };
		1130FE8E26B742320072C03D /* TaskTableViewControllerDelegate.swift in Sources */ = {isa = PBXBuildFile; fileRef = 1130FE8D26B742320072C03D /* TaskTableViewControllerDelegate.swift */; };
		1130FE9026B743280072C03D /* TaskViewControllerDelegate.swift in Sources */ = {isa = PBXBuildFile; fileRef = 1130FE8F26B743280072C03D /* TaskViewControllerDelegate.swift */; };
/* End PBXBuildFile section */

/* Begin PBXFileReference section */
		1130FE5426B484F20072C03D /* ToDoList.app */ = {isa = PBXFileReference; explicitFileType = wrapper.application; includeInIndex = 0; path = ToDoList.app; sourceTree = BUILT_PRODUCTS_DIR; };
		1130FE5726B484F20072C03D /* AppDelegate.swift */ = {isa = PBXFileReference; lastKnownFileType = sourcecode.swift; path = AppDelegate.swift; sourceTree = "<group>"; };
		1130FE5926B484F20072C03D /* SceneDelegate.swift */ = {isa = PBXFileReference; lastKnownFileType = sourcecode.swift; path = SceneDelegate.swift; sourceTree = "<group>"; };
		1130FE5E26B484F20072C03D /* Base */ = {isa = PBXFileReference; lastKnownFileType = file.storyboard; name = Base; path = Base.lproj/Main.storyboard; sourceTree = "<group>"; };
		1130FE6026B484F30072C03D /* Assets.xcassets */ = {isa = PBXFileReference; lastKnownFileType = folder.assetcatalog; path = Assets.xcassets; sourceTree = "<group>"; };
		1130FE6326B484F30072C03D /* Base */ = {isa = PBXFileReference; lastKnownFileType = file.storyboard; name = Base; path = Base.lproj/LaunchScreen.storyboard; sourceTree = "<group>"; };
		1130FE6526B484F30072C03D /* Info.plist */ = {isa = PBXFileReference; lastKnownFileType = text.plist.xml; path = Info.plist; sourceTree = "<group>"; };
		1130FE7A26B487710072C03D /* ToDoList.swift */ = {isa = PBXFileReference; lastKnownFileType = sourcecode.swift; path = ToDoList.swift; sourceTree = "<group>"; };
		1130FE7C26B487820072C03D /* Task.swift */ = {isa = PBXFileReference; lastKnownFileType = sourcecode.swift; path = Task.swift; sourceTree = "<group>"; };
		1130FE7E26B487D20072C03D /* TaskListTableViewController.swift */ = {isa = PBXFileReference; lastKnownFileType = sourcecode.swift; path = TaskListTableViewController.swift; sourceTree = "<group>"; };
		1130FE8026B487F00072C03D /* TaskTableViewController.swift */ = {isa = PBXFileReference; lastKnownFileType = sourcecode.swift; path = TaskTableViewController.swift; sourceTree = "<group>"; };
		1130FE8226B488480072C03D /* UserManager.swift */ = {isa = PBXFileReference; lastKnownFileType = sourcecode.swift; path = UserManager.swift; sourceTree = "<group>"; };
		1130FE8826B6AB7E0072C03D /* FavoritesTableViewController.swift */ = {isa = PBXFileReference; lastKnownFileType = sourcecode.swift; path = FavoritesTableViewController.swift; sourceTree = "<group>"; };
		1130FE8A26B6ABA90072C03D /* TaskViewController.swift */ = {isa = PBXFileReference; lastKnownFileType = sourcecode.swift; path = TaskViewController.swift; sourceTree = "<group>"; };
		1130FE8D26B742320072C03D /* TaskTableViewControllerDelegate.swift */ = {isa = PBXFileReference; lastKnownFileType = sourcecode.swift; path = TaskTableViewControllerDelegate.swift; sourceTree = "<group>"; };
		1130FE8F26B743280072C03D /* TaskViewControllerDelegate.swift */ = {isa = PBXFileReference; lastKnownFileType = sourcecode.swift; path = TaskViewControllerDelegate.swift; sourceTree = "<group>"; };
/* End PBXFileReference section */

/* Begin PBXFrameworksBuildPhase section */
		1130FE5126B484F20072C03D /* Frameworks */ = {
			isa = PBXFrameworksBuildPhase;
			buildActionMask = 2147483647;
			files = (
			);
			runOnlyForDeploymentPostprocessing = 0;
		};
/* End PBXFrameworksBuildPhase section */

/* Begin PBXGroup section */
		1130FE4B26B484F20072C03D = {
			isa = PBXGroup;
			children = (
				1130FE5626B484F20072C03D /* ToDoList */,
				1130FE5526B484F20072C03D /* Products */,
			);
			sourceTree = "<group>";
		};
		1130FE5526B484F20072C03D /* Products */ = {
			isa = PBXGroup;
			children = (
				1130FE5426B484F20072C03D /* ToDoList.app */,
			);
			name = Products;
			sourceTree = "<group>";
		};
		1130FE5626B484F20072C03D /* ToDoList */ = {
			isa = PBXGroup;
			children = (
				1130FE7626B486D30072C03D /* Models */,
				1130FE7526B486CA0072C03D /* Storyboards */,
				1130FE7426B486C30072C03D /* Controllers */,
				1130FE8C26B7421D0072C03D /* Protocols */,
				1130FE7226B486B50072C03D /* Managers */,
				1130FE7326B486BC0072C03D /* Support files */,
			);
			path = ToDoList;
			sourceTree = "<group>";
		};
		1130FE7226B486B50072C03D /* Managers */ = {
			isa = PBXGroup;
			children = (
				1130FE8226B488480072C03D /* UserManager.swift */,
			);
			path = Managers;
			sourceTree = "<group>";
		};
		1130FE7326B486BC0072C03D /* Support files */ = {
			isa = PBXGroup;
			children = (
				1130FE5726B484F20072C03D /* AppDelegate.swift */,
				1130FE5926B484F20072C03D /* SceneDelegate.swift */,
				1130FE6026B484F30072C03D /* Assets.xcassets */,
				1130FE6526B484F30072C03D /* Info.plist */,
			);
			path = "Support files";
			sourceTree = "<group>";
		};
		1130FE7426B486C30072C03D /* Controllers */ = {
			isa = PBXGroup;
			children = (
				1130FE7E26B487D20072C03D /* TaskListTableViewController.swift */,
				1130FE8026B487F00072C03D /* TaskTableViewController.swift */,
				1130FE8826B6AB7E0072C03D /* FavoritesTableViewController.swift */,
				1130FE8A26B6ABA90072C03D /* TaskViewController.swift */,
			);
			path = Controllers;
			sourceTree = "<group>";
		};
		1130FE7526B486CA0072C03D /* Storyboards */ = {
			isa = PBXGroup;
			children = (
				1130FE5D26B484F20072C03D /* Main.storyboard */,
				1130FE6226B484F30072C03D /* LaunchScreen.storyboard */,
			);
			path = Storyboards;
			sourceTree = "<group>";
		};
		1130FE7626B486D30072C03D /* Models */ = {
			isa = PBXGroup;
			children = (
				1130FE7A26B487710072C03D /* ToDoList.swift */,
				1130FE7C26B487820072C03D /* Task.swift */,
			);
			path = Models;
			sourceTree = "<group>";
		};
		1130FE8C26B7421D0072C03D /* Protocols */ = {
			isa = PBXGroup;
			children = (
				1130FE8D26B742320072C03D /* TaskTableViewControllerDelegate.swift */,
				1130FE8F26B743280072C03D /* TaskViewControllerDelegate.swift */,
			);
			path = Protocols;
			sourceTree = "<group>";
		};
/* End PBXGroup section */

/* Begin PBXNativeTarget section */
		1130FE5326B484F20072C03D /* ToDoList */ = {
			isa = PBXNativeTarget;
			buildConfigurationList = 1130FE6826B484F30072C03D /* Build configuration list for PBXNativeTarget "ToDoList" */;
			buildPhases = (
				1130FE5026B484F20072C03D /* Sources */,
				1130FE5126B484F20072C03D /* Frameworks */,
				1130FE5226B484F20072C03D /* Resources */,
			);
			buildRules = (
			);
			dependencies = (
			);
			name = ToDoList;
			productName = ToDoList;
			productReference = 1130FE5426B484F20072C03D /* ToDoList.app */;
			productType = "com.apple.product-type.application";
		};
/* End PBXNativeTarget section */

/* Begin PBXProject section */
		1130FE4C26B484F20072C03D /* Project object */ = {
			isa = PBXProject;
			attributes = {
				LastSwiftUpdateCheck = 1250;
				LastUpgradeCheck = 1250;
				TargetAttributes = {
					1130FE5326B484F20072C03D = {
						CreatedOnToolsVersion = 12.5.1;
					};
				};
			};
			buildConfigurationList = 1130FE4F26B484F20072C03D /* Build configuration list for PBXProject "ToDoList" */;
			compatibilityVersion = "Xcode 9.3";
			developmentRegion = en;
			hasScannedForEncodings = 0;
			knownRegions = (
				en,
				Base,
			);
			mainGroup = 1130FE4B26B484F20072C03D;
			productRefGroup = 1130FE5526B484F20072C03D /* Products */;
			projectDirPath = "";
			projectRoot = "";
			targets = (
				1130FE5326B484F20072C03D /* ToDoList */,
			);
		};
/* End PBXProject section */

/* Begin PBXResourcesBuildPhase section */
		1130FE5226B484F20072C03D /* Resources */ = {
			isa = PBXResourcesBuildPhase;
			buildActionMask = 2147483647;
			files = (
				1130FE6426B484F30072C03D /* LaunchScreen.storyboard in Resources */,
				1130FE6126B484F30072C03D /* Assets.xcassets in Resources */,
				1130FE5F26B484F20072C03D /* Main.storyboard in Resources */,
			);
			runOnlyForDeploymentPostprocessing = 0;
		};
/* End PBXResourcesBuildPhase section */

/* Begin PBXSourcesBuildPhase section */
		1130FE5026B484F20072C03D /* Sources */ = {
			isa = PBXSourcesBuildPhase;
			buildActionMask = 2147483647;
			files = (
				1130FE7F26B487D20072C03D /* TaskListTableViewController.swift in Sources */,
				1130FE5826B484F20072C03D /* AppDelegate.swift in Sources */,
				1130FE8E26B742320072C03D /* TaskTableViewControllerDelegate.swift in Sources */,
				1130FE5A26B484F20072C03D /* SceneDelegate.swift in Sources */,
				1130FE8926B6AB7E0072C03D /* FavoritesTableViewController.swift in Sources */,
				1130FE7D26B487820072C03D /* Task.swift in Sources */,
				1130FE8126B487F00072C03D /* TaskTableViewController.swift in Sources */,
				1130FE8326B488480072C03D /* UserManager.swift in Sources */,
				1130FE9026B743280072C03D /* TaskViewControllerDelegate.swift in Sources */,
				1130FE7B26B487710072C03D /* ToDoList.swift in Sources */,
				1130FE8B26B6ABA90072C03D /* TaskViewController.swift in Sources */,
			);
			runOnlyForDeploymentPostprocessing = 0;
		};
/* End PBXSourcesBuildPhase section */

/* Begin PBXVariantGroup section */
		1130FE5D26B484F20072C03D /* Main.storyboard */ = {
			isa = PBXVariantGroup;
			children = (
				1130FE5E26B484F20072C03D /* Base */,
			);
			name = Main.storyboard;
			sourceTree = "<group>";
		};
		1130FE6226B484F30072C03D /* LaunchScreen.storyboard */ = {
			isa = PBXVariantGroup;
			children = (
				1130FE6326B484F30072C03D /* Base */,
			);
			name = LaunchScreen.storyboard;
			sourceTree = "<group>";
		};
/* End PBXVariantGroup section */

/* Begin XCBuildConfiguration section */
		1130FE6626B484F30072C03D /* Debug */ = {
			isa = XCBuildConfiguration;
			buildSettings = {
				ALWAYS_SEARCH_USER_PATHS = NO;
				CLANG_ANALYZER_NONNULL = YES;
				CLANG_ANALYZER_NUMBER_OBJECT_CONVERSION = YES_AGGRESSIVE;
				CLANG_CXX_LANGUAGE_STANDARD = "gnu++14";
				CLANG_CXX_LIBRARY = "libc++";
				CLANG_ENABLE_MODULES = YES;
				CLANG_ENABLE_OBJC_ARC = YES;
				CLANG_ENABLE_OBJC_WEAK = YES;
				CLANG_WARN_BLOCK_CAPTURE_AUTORELEASING = YES;
				CLANG_WARN_BOOL_CONVERSION = YES;
				CLANG_WARN_COMMA = YES;
				CLANG_WARN_CONSTANT_CONVERSION = YES;
				CLANG_WARN_DEPRECATED_OBJC_IMPLEMENTATIONS = YES;
				CLANG_WARN_DIRECT_OBJC_ISA_USAGE = YES_ERROR;
				CLANG_WARN_DOCUMENTATION_COMMENTS = YES;
				CLANG_WARN_EMPTY_BODY = YES;
				CLANG_WARN_ENUM_CONVERSION = YES;
				CLANG_WARN_INFINITE_RECURSION = YES;
				CLANG_WARN_INT_CONVERSION = YES;
				CLANG_WARN_NON_LITERAL_NULL_CONVERSION = YES;
				CLANG_WARN_OBJC_IMPLICIT_RETAIN_SELF = YES;
				CLANG_WARN_OBJC_LITERAL_CONVERSION = YES;
				CLANG_WARN_OBJC_ROOT_CLASS = YES_ERROR;
				CLANG_WARN_QUOTED_INCLUDE_IN_FRAMEWORK_HEADER = YES;
				CLANG_WARN_RANGE_LOOP_ANALYSIS = YES;
				CLANG_WARN_STRICT_PROTOTYPES = YES;
				CLANG_WARN_SUSPICIOUS_MOVE = YES;
				CLANG_WARN_UNGUARDED_AVAILABILITY = YES_AGGRESSIVE;
				CLANG_WARN_UNREACHABLE_CODE = YES;
				CLANG_WARN__DUPLICATE_METHOD_MATCH = YES;
				COPY_PHASE_STRIP = NO;
				DEBUG_INFORMATION_FORMAT = dwarf;
				ENABLE_STRICT_OBJC_MSGSEND = YES;
				ENABLE_TESTABILITY = YES;
				GCC_C_LANGUAGE_STANDARD = gnu11;
				GCC_DYNAMIC_NO_PIC = NO;
				GCC_NO_COMMON_BLOCKS = YES;
				GCC_OPTIMIZATION_LEVEL = 0;
				GCC_PREPROCESSOR_DEFINITIONS = (
					"DEBUG=1",
					"$(inherited)",
				);
				GCC_WARN_64_TO_32_BIT_CONVERSION = YES;
				GCC_WARN_ABOUT_RETURN_TYPE = YES_ERROR;
				GCC_WARN_UNDECLARED_SELECTOR = YES;
				GCC_WARN_UNINITIALIZED_AUTOS = YES_AGGRESSIVE;
				GCC_WARN_UNUSED_FUNCTION = YES;
				GCC_WARN_UNUSED_VARIABLE = YES;
				IPHONEOS_DEPLOYMENT_TARGET = 14.5;
				MTL_ENABLE_DEBUG_INFO = INCLUDE_SOURCE;
				MTL_FAST_MATH = YES;
				ONLY_ACTIVE_ARCH = YES;
				SDKROOT = iphoneos;
				SWIFT_ACTIVE_COMPILATION_CONDITIONS = DEBUG;
				SWIFT_OPTIMIZATION_LEVEL = "-Onone";
			};
			name = Debug;
		};
		1130FE6726B484F30072C03D /* Release */ = {
			isa = XCBuildConfiguration;
			buildSettings = {
				ALWAYS_SEARCH_USER_PATHS = NO;
				CLANG_ANALYZER_NONNULL = YES;
				CLANG_ANALYZER_NUMBER_OBJECT_CONVERSION = YES_AGGRESSIVE;
				CLANG_CXX_LANGUAGE_STANDARD = "gnu++14";
				CLANG_CXX_LIBRARY = "libc++";
				CLANG_ENABLE_MODULES = YES;
				CLANG_ENABLE_OBJC_ARC = YES;
				CLANG_ENABLE_OBJC_WEAK = YES;
				CLANG_WARN_BLOCK_CAPTURE_AUTORELEASING = YES;
				CLANG_WARN_BOOL_CONVERSION = YES;
				CLANG_WARN_COMMA = YES;
				CLANG_WARN_CONSTANT_CONVERSION = YES;
				CLANG_WARN_DEPRECATED_OBJC_IMPLEMENTATIONS = YES;
				CLANG_WARN_DIRECT_OBJC_ISA_USAGE = YES_ERROR;
				CLANG_WARN_DOCUMENTATION_COMMENTS = YES;
				CLANG_WARN_EMPTY_BODY = YES;
				CLANG_WARN_ENUM_CONVERSION = YES;
				CLANG_WARN_INFINITE_RECURSION = YES;
				CLANG_WARN_INT_CONVERSION = YES;
				CLANG_WARN_NON_LITERAL_NULL_CONVERSION = YES;
				CLANG_WARN_OBJC_IMPLICIT_RETAIN_SELF = YES;
				CLANG_WARN_OBJC_LITERAL_CONVERSION = YES;
				CLANG_WARN_OBJC_ROOT_CLASS = YES_ERROR;
				CLANG_WARN_QUOTED_INCLUDE_IN_FRAMEWORK_HEADER = YES;
				CLANG_WARN_RANGE_LOOP_ANALYSIS = YES;
				CLANG_WARN_STRICT_PROTOTYPES = YES;
				CLANG_WARN_SUSPICIOUS_MOVE = YES;
				CLANG_WARN_UNGUARDED_AVAILABILITY = YES_AGGRESSIVE;
				CLANG_WARN_UNREACHABLE_CODE = YES;
				CLANG_WARN__DUPLICATE_METHOD_MATCH = YES;
				COPY_PHASE_STRIP = NO;
				DEBUG_INFORMATION_FORMAT = "dwarf-with-dsym";
				ENABLE_NS_ASSERTIONS = NO;
				ENABLE_STRICT_OBJC_MSGSEND = YES;
				GCC_C_LANGUAGE_STANDARD = gnu11;
				GCC_NO_COMMON_BLOCKS = YES;
				GCC_WARN_64_TO_32_BIT_CONVERSION = YES;
				GCC_WARN_ABOUT_RETURN_TYPE = YES_ERROR;
				GCC_WARN_UNDECLARED_SELECTOR = YES;
				GCC_WARN_UNINITIALIZED_AUTOS = YES_AGGRESSIVE;
				GCC_WARN_UNUSED_FUNCTION = YES;
				GCC_WARN_UNUSED_VARIABLE = YES;
				IPHONEOS_DEPLOYMENT_TARGET = 14.5;
				MTL_ENABLE_DEBUG_INFO = NO;
				MTL_FAST_MATH = YES;
				SDKROOT = iphoneos;
				SWIFT_COMPILATION_MODE = wholemodule;
				SWIFT_OPTIMIZATION_LEVEL = "-O";
				VALIDATE_PRODUCT = YES;
			};
			name = Release;
		};
		1130FE6926B484F30072C03D /* Debug */ = {
			isa = XCBuildConfiguration;
			buildSettings = {
				ASSETCATALOG_COMPILER_APPICON_NAME = AppIcon;
				ASSETCATALOG_COMPILER_GLOBAL_ACCENT_COLOR_NAME = AccentColor;
				CODE_SIGN_STYLE = Automatic;
				DEVELOPMENT_TEAM = 9CHP9M644H;
				INFOPLIST_FILE = "ToDoList/Support files/Info.plist";
				LD_RUNPATH_SEARCH_PATHS = (
					"$(inherited)",
					"@executable_path/Frameworks",
				);
				PRODUCT_BUNDLE_IDENTIFIER = com.nikitaZakharchenko.ToDoList;
				PRODUCT_NAME = "$(TARGET_NAME)";
				SWIFT_VERSION = 5.0;
				TARGETED_DEVICE_FAMILY = "1,2";
			};
			name = Debug;
		};
		1130FE6A26B484F30072C03D /* Release */ = {
			isa = XCBuildConfiguration;
			buildSettings = {
				ASSETCATALOG_COMPILER_APPICON_NAME = AppIcon;
				ASSETCATALOG_COMPILER_GLOBAL_ACCENT_COLOR_NAME = AccentColor;
				CODE_SIGN_STYLE = Automatic;
				DEVELOPMENT_TEAM = 9CHP9M644H;
				INFOPLIST_FILE = "ToDoList/Support files/Info.plist";
				LD_RUNPATH_SEARCH_PATHS = (
					"$(inherited)",
					"@executable_path/Frameworks",
				);
				PRODUCT_BUNDLE_IDENTIFIER = com.nikitaZakharchenko.ToDoList;
				PRODUCT_NAME = "$(TARGET_NAME)";
				SWIFT_VERSION = 5.0;
				TARGETED_DEVICE_FAMILY = "1,2";
			};
			name = Release;
		};
/* End XCBuildConfiguration section */

/* Begin XCConfigurationList section */
		1130FE4F26B484F20072C03D /* Build configuration list for PBXProject "ToDoList" */ = {
			isa = XCConfigurationList;
			buildConfigurations = (
				1130FE6626B484F30072C03D /* Debug */,
				1130FE6726B484F30072C03D /* Release */,
			);
			defaultConfigurationIsVisible = 0;
			defaultConfigurationName = Release;
		};
		1130FE6826B484F30072C03D /* Build configuration list for PBXNativeTarget "ToDoList" */ = {
			isa = XCConfigurationList;
			buildConfigurations = (
				1130FE6926B484F30072C03D /* Debug */,
				1130FE6A26B484F30072C03D /* Release */,
			);
			defaultConfigurationIsVisible = 0;
			defaultConfigurationName = Release;
		};
/* End XCConfigurationList section */
	};
	rootObject = 1130FE4C26B484F20072C03D /* Project object */;
}
